
Microsoft Visual Studio Solution File, Format Version 12.00
# Visual Studio Version 17
VisualStudioVersion = 17.11.35327.3
MinimumVisualStudioVersion = 10.0.40219.1
Project("{9A19103F-16F7-4668-BE54-9A1E7A4F7556}") = "UnhookPoC", "UnhookPoC.csproj", "{48131831-17DD-4906-B3CE-91270AB23D02}"
EndProject
Global
	GlobalSection(SolutionConfigurationPlatforms) = preSolution
		Debug|Any CPU = Debug|Any CPU
		Release|Any CPU = Release|Any CPU
	EndGlobalSection
	GlobalSection(ProjectConfigurationPlatforms) = postSolution
		{48131831-17DD-4906-B3CE-91270AB23D02}.Debug|Any CPU.ActiveCfg = Debug|Any CPU
		{48131831-17DD-4906-B3CE-91270AB23D02}.Debug|Any CPU.Build.0 = Debug|Any CPU
		{48131831-17DD-4906-B3CE-91270AB23D02}.Release|Any CPU.ActiveCfg = Release|Any CPU
		{48131831-17DD-4906-B3CE-91270AB23D02}.Release|Any CPU.Build.0 = Release|Any CPU
	EndGlobalSection
	GlobalSection(SolutionProperties) = preSolution
		HideSolutionNode = FALSE
	EndGlobalSection
	GlobalSection(ExtensibilityGlobals) = postSolution
		SolutionGuid = {65595F5B-2180-4B05-8DE4-F8E8926F2968}
	EndGlobalSection
EndGlobal
